github.com/jszwec/csvutil v1.9.0 h1:iTmq9G1P0e+AUq/MkFg6tetJ+1BH3fOX8Xi0RAcwiGc=
github.com/jszwec/csvutil v1.9.0/go.mod h1:/E4ONrmGkwmWsk9ae9jpXnv9QT8pLHEPcCirMFhxG9I=
golang.org/x/text v0.14.0 h1:ScX5w1eTa3QqT8oi6+ziP7dTV1S2+ALU0bI+0zXKWiQ=
golang.org/x/text v0.14.0/go.mod h1:18ZOQIKpY8NJVqYksKHtTdi31H5itFRjB5/qKTNYzSU=
